
Microsoft Visual Studio Solution File, Format Version 12.00
# Visual Studio Version 17
VisualStudioVersion = 17.10.35013.160
MinimumVisualStudioVersion = 10.0.40219.1
Project("{FAE04EC0-301F-11D3-BF4B-00C04F79EFBC}") = "E-commerce", "E-commerce\E-commerce.csproj", "{4C1309FC-70B0-481E-860F-F09DA66D6600}"
EndProject
Global
	GlobalSection(SolutionConfigurationPlatforms) = preSolution
		Debug|Any CPU = Debug|Any CPU
		Release|Any CPU = Release|Any CPU
	EndGlobalSection
	GlobalSection(ProjectConfigurationPlatforms) = postSolution
		{4C1309FC-70B0-481E-860F-F09DA66D6600}.Debug|Any CPU.ActiveCfg = Debug|Any CPU
		{4C1309FC-70B0-481E-860F-F09DA66D6600}.Debug|Any CPU.Build.0 = Debug|Any CPU
		{4C1309FC-70B0-481E-860F-F09DA66D6600}.Release|Any CPU.ActiveCfg = Release|Any CPU
		{4C1309FC-70B0-481E-860F-F09DA66D6600}.Release|Any CPU.Build.0 = Release|Any CPU
	EndGlobalSection
	GlobalSection(SolutionProperties) = preSolution
		HideSolutionNode = FALSE
	EndGlobalSection
	GlobalSection(ExtensibilityGlobals) = postSolution
		SolutionGuid = {44E4D0F9-2876-4097-9BCD-3B225773A728}
	EndGlobalSection
EndGlobal
